
Microsoft Visual Studio Solution File, Format Version 12.00
# Visual Studio Version 17
VisualStudioVersion = 17.13.35931.197
MinimumVisualStudioVersion = 10.0.40219.1
Project("{FAE04EC0-301F-11D3-BF4B-00C04F79EFBC}") = "OrderAPI", "OrderAPI\OrderAPI.csproj", "{3468CFD0-7AC7-4375-ACF8-DDA9970369D6}"
EndProject
Project("{FAE04EC0-301F-11D3-BF4B-00C04F79EFBC}") = "PaymentAPI", "PaymentAPI\PaymentAPI.csproj", "{C4F6CFDD-EF75-4A3D-ACB4-84A2ED4D9E37}"
EndProject
Project("{FAE04EC0-301F-11D3-BF4B-00C04F79EFBC}") = "StockAPI", "StockAPI\StockAPI.csproj", "{D4787F47-EDC5-4382-89E1-80102EFBC6DC}"
EndProject
Project("{FAE04EC0-301F-11D3-BF4B-00C04F79EFBC}") = "Shared", "Shared\Shared.csproj", "{B35DFB9A-7316-47CE-B82D-23F80512E75C}"
EndProject
Global
	GlobalSection(SolutionConfigurationPlatforms) = preSolution
		Debug|Any CPU = Debug|Any CPU
		Release|Any CPU = Release|Any CPU
	EndGlobalSection
	GlobalSection(ProjectConfigurationPlatforms) = postSolution
		{3468CFD0-7AC7-4375-ACF8-DDA9970369D6}.Debug|Any CPU.ActiveCfg = Debug|Any CPU
		{3468CFD0-7AC7-4375-ACF8-DDA9970369D6}.Debug|Any CPU.Build.0 = Debug|Any CPU
		{3468CFD0-7AC7-4375-ACF8-DDA9970369D6}.Release|Any CPU.ActiveCfg = Release|Any CPU
		{3468CFD0-7AC7-4375-ACF8-DDA9970369D6}.Release|Any CPU.Build.0 = Release|Any CPU
		{C4F6CFDD-EF75-4A3D-ACB4-84A2ED4D9E37}.Debug|Any CPU.ActiveCfg = Debug|Any CPU
		{C4F6CFDD-EF75-4A3D-ACB4-84A2ED4D9E37}.Debug|Any CPU.Build.0 = Debug|Any CPU
		{C4F6CFDD-EF75-4A3D-ACB4-84A2ED4D9E37}.Release|Any CPU.ActiveCfg = Release|Any CPU
		{C4F6CFDD-EF75-4A3D-ACB4-84A2ED4D9E37}.Release|Any CPU.Build.0 = Release|Any CPU
		{D4787F47-EDC5-4382-89E1-80102EFBC6DC}.Debug|Any CPU.ActiveCfg = Debug|Any CPU
		{D4787F47-EDC5-4382-89E1-80102EFBC6DC}.Debug|Any CPU.Build.0 = Debug|Any CPU
		{D4787F47-EDC5-4382-89E1-80102EFBC6DC}.Release|Any CPU.ActiveCfg = Release|Any CPU
		{D4787F47-EDC5-4382-89E1-80102EFBC6DC}.Release|Any CPU.Build.0 = Release|Any CPU
		{B35DFB9A-7316-47CE-B82D-23F80512E75C}.Debug|Any CPU.ActiveCfg = Debug|Any CPU
		{B35DFB9A-7316-47CE-B82D-23F80512E75C}.Debug|Any CPU.Build.0 = Debug|Any CPU
		{B35DFB9A-7316-47CE-B82D-23F80512E75C}.Release|Any CPU.ActiveCfg = Release|Any CPU
		{B35DFB9A-7316-47CE-B82D-23F80512E75C}.Release|Any CPU.Build.0 = Release|Any CPU
	EndGlobalSection
	GlobalSection(SolutionProperties) = preSolution
		HideSolutionNode = FALSE
	EndGlobalSection
	GlobalSection(ExtensibilityGlobals) = postSolution
		SolutionGuid = {2C16E94B-738E-412B-A229-20FA1ECFAE3F}
	EndGlobalSection
EndGlobal
